Microsoft Visual Studio Solution File, Format Version 12.00
# Visual Studio 15
VisualStudioVersion = 15.0.26124.0
MinimumVisualStudioVersion = 15.0.26124.0
Project("{9A19103F-16F7-4668-BE54-9A1E7A4F7556}") = "EngTimesheetApi", "EngTimesheetApi\EngTimesheetApi.csproj", "{4D6BB0C5-72C8-4348-8034-F0DCB6FFCB9B}"
EndProject
Project("{9A19103F-16F7-4668-BE54-9A1E7A4F7556}") = "EngTimesheet", "EngTimesheet\EngTimesheet.csproj", "{4545C6A5-3697-44F3-A4E1-78592F7717AC}"
EndProject
Project("{9A19103F-16F7-4668-BE54-9A1E7A4F7556}") = "EngTimesheet.Shared", "EngTimesheet.Shared\EngTimesheet.Shared.csproj", "{7D72025F-45F9-4B17-BE89-214429005AB3}"
EndProject
Project("{9A19103F-16F7-4668-BE54-9A1E7A4F7556}") = "JiraApi", "JiraApi\JiraApi.csproj", "{937CDF20-435E-4BD8-9808-D6D865DB7766}"
EndProject
Global
	GlobalSection(SolutionConfigurationPlatforms) = preSolution
		Debug|Any CPU = Debug|Any CPU
		Debug|x64 = Debug|x64
		Debug|x86 = Debug|x86
		Release|Any CPU = Release|Any CPU
		Release|x64 = Release|x64
		Release|x86 = Release|x86
	EndGlobalSection
	GlobalSection(ProjectConfigurationPlatforms) = postSolution
		{4D6BB0C5-72C8-4348-8034-F0DCB6FFCB9B}.Debug|Any CPU.ActiveCfg = Debug|Any CPU
		{4D6BB0C5-72C8-4348-8034-F0DCB6FFCB9B}.Debug|Any CPU.Build.0 = Debug|Any CPU
		{4D6BB0C5-72C8-4348-8034-F0DCB6FFCB9B}.Debug|x64.ActiveCfg = Debug|Any CPU
		{4D6BB0C5-72C8-4348-8034-F0DCB6FFCB9B}.Debug|x64.Build.0 = Debug|Any CPU
		{4D6BB0C5-72C8-4348-8034-F0DCB6FFCB9B}.Debug|x86.ActiveCfg = Debug|Any CPU
		{4D6BB0C5-72C8-4348-8034-F0DCB6FFCB9B}.Debug|x86.Build.0 = Debug|Any CPU
		{4D6BB0C5-72C8-4348-8034-F0DCB6FFCB9B}.Release|Any CPU.ActiveCfg = Release|Any CPU
		{4D6BB0C5-72C8-4348-8034-F0DCB6FFCB9B}.Release|Any CPU.Build.0 = Release|Any CPU
		{4D6BB0C5-72C8-4348-8034-F0DCB6FFCB9B}.Release|x64.ActiveCfg = Release|Any CPU
		{4D6BB0C5-72C8-4348-8034-F0DCB6FFCB9B}.Release|x64.Build.0 = Release|Any CPU
		{4D6BB0C5-72C8-4348-8034-F0DCB6FFCB9B}.Release|x86.ActiveCfg = Release|Any CPU
		{4D6BB0C5-72C8-4348-8034-F0DCB6FFCB9B}.Release|x86.Build.0 = Release|Any CPU
		{4545C6A5-3697-44F3-A4E1-78592F7717AC}.Debug|Any CPU.ActiveCfg = Debug|Any CPU
		{4545C6A5-3697-44F3-A4E1-78592F7717AC}.Debug|Any CPU.Build.0 = Debug|Any CPU
		{4545C6A5-3697-44F3-A4E1-78592F7717AC}.Debug|x64.ActiveCfg = Debug|Any CPU
		{4545C6A5-3697-44F3-A4E1-78592F7717AC}.Debug|x64.Build.0 = Debug|Any CPU
		{4545C6A5-3697-44F3-A4E1-78592F7717AC}.Debug|x86.ActiveCfg = Debug|Any CPU
		{4545C6A5-3697-44F3-A4E1-78592F7717AC}.Debug|x86.Build.0 = Debug|Any CPU
		{4545C6A5-3697-44F3-A4E1-78592F7717AC}.Release|Any CPU.ActiveCfg = Release|Any CPU
		{4545C6A5-3697-44F3-A4E1-78592F7717AC}.Release|Any CPU.Build.0 = Release|Any CPU
		{4545C6A5-3697-44F3-A4E1-78592F7717AC}.Release|x64.ActiveCfg = Release|Any CPU
		{4545C6A5-3697-44F3-A4E1-78592F7717AC}.Release|x64.Build.0 = Release|Any CPU
		{4545C6A5-3697-44F3-A4E1-78592F7717AC}.Release|x86.ActiveCfg = Release|Any CPU
		{4545C6A5-3697-44F3-A4E1-78592F7717AC}.Release|x86.Build.0 = Release|Any CPU
		{7D72025F-45F9-4B17-BE89-214429005AB3}.Debug|Any CPU.ActiveCfg = Debug|Any CPU
		{7D72025F-45F9-4B17-BE89-214429005AB3}.Debug|Any CPU.Build.0 = Debug|Any CPU
		{7D72025F-45F9-4B17-BE89-214429005AB3}.Debug|x64.ActiveCfg = Debug|Any CPU
		{7D72025F-45F9-4B17-BE89-214429005AB3}.Debug|x64.Build.0 = Debug|Any CPU
		{7D72025F-45F9-4B17-BE89-214429005AB3}.Debug|x86.ActiveCfg = Debug|Any CPU
		{7D72025F-45F9-4B17-BE89-214429005AB3}.Debug|x86.Build.0 = Debug|Any CPU
		{7D72025F-45F9-4B17-BE89-214429005AB3}.Release|Any CPU.ActiveCfg = Release|Any CPU
		{7D72025F-45F9-4B17-BE89-214429005AB3}.Release|Any CPU.Build.0 = Release|Any CPU
		{7D72025F-45F9-4B17-BE89-214429005AB3}.Release|x64.ActiveCfg = Release|Any CPU
		{7D72025F-45F9-4B17-BE89-214429005AB3}.Release|x64.Build.0 = Release|Any CPU
		{7D72025F-45F9-4B17-BE89-214429005AB3}.Release|x86.ActiveCfg = Release|Any CPU
		{7D72025F-45F9-4B17-BE89-214429005AB3}.Release|x86.Build.0 = Release|Any CPU
		{937CDF20-435E-4BD8-9808-D6D865DB7766}.Debug|Any CPU.ActiveCfg = Debug|Any CPU
		{937CDF20-435E-4BD8-9808-D6D865DB7766}.Debug|Any CPU.Build.0 = Debug|Any CPU
		{937CDF20-435E-4BD8-9808-D6D865DB7766}.Debug|x64.ActiveCfg = Debug|Any CPU
		{937CDF20-435E-4BD8-9808-D6D865DB7766}.Debug|x64.Build.0 = Debug|Any CPU
		{937CDF20-435E-4BD8-9808-D6D865DB7766}.Debug|x86.ActiveCfg = Debug|Any CPU
		{937CDF20-435E-4BD8-9808-D6D865DB7766}.Debug|x86.Build.0 = Debug|Any CPU
		{937CDF20-435E-4BD8-9808-D6D865DB7766}.Release|Any CPU.ActiveCfg = Release|Any CPU
		{937CDF20-435E-4BD8-9808-D6D865DB7766}.Release|Any CPU.Build.0 = Release|Any CPU
		{937CDF20-435E-4BD8-9808-D6D865DB7766}.Release|x64.ActiveCfg = Release|Any CPU
		{937CDF20-435E-4BD8-9808-D6D865DB7766}.Release|x64.Build.0 = Release|Any CPU
		{937CDF20-435E-4BD8-9808-D6D865DB7766}.Release|x86.ActiveCfg = Release|Any CPU
		{937CDF20-435E-4BD8-9808-D6D865DB7766}.Release|x86.Build.0 = Release|Any CPU
	EndGlobalSection
	GlobalSection(SolutionProperties) = preSolution
		HideSolutionNode = FALSE
	EndGlobalSection
	GlobalSection(ExtensibilityGlobals) = postSolution
		SolutionGuid = {D7A7E32D-D447-4189-B1E0-EC245983FBB9}
	EndGlobalSection
EndGlobal
